// !$*UTF8*$!
{
	archiveVersion = 1;
	classes = {
	};
	objectVersion = 55;
	objects = {

/* Begin PBXBuildFile section */
		06336384282050C9009B2E72 /* AppDelegate.swift in Sources */ = {isa = PBXBuildFile; fileRef = 06336383282050C9009B2E72 /* AppDelegate.swift */; };
		06336386282050C9009B2E72 /* SceneDelegate.swift in Sources */ = {isa = PBXBuildFile; fileRef = 06336385282050C9009B2E72 /* SceneDelegate.swift */; };
		06336388282050C9009B2E72 /* ViewController.swift in Sources */ = {isa = PBXBuildFile; fileRef = 06336387282050C9009B2E72 /* ViewController.swift */; };
		0633638B282050C9009B2E72 /* Main.storyboard in Resources */ = {isa = PBXBuildFile; fileRef = 06336389282050C9009B2E72 /* Main.storyboard */; };
		0633638D282050CB009B2E72 /* Assets.xcassets in Resources */ = {isa = PBXBuildFile; fileRef = 0633638C282050CB009B2E72 /* Assets.xcassets */; };
		06336390282050CB009B2E72 /* LaunchScreen.storyboard in Resources */ = {isa = PBXBuildFile; fileRef = 0633638E282050CB009B2E72 /* LaunchScreen.storyboard */; };
		063363982820555C009B2E72 /* GoogleService-Info.plist in Resources */ = {isa = PBXBuildFile; fileRef = 063363972820555C009B2E72 /* GoogleService-Info.plist */; };
		06F13A782822F37900086A99 /* ArrayOf.swift in Sources */ = {isa = PBXBuildFile; fileRef = 06F13A772822F37900086A99 /* ArrayOf.swift */; };
		CE5D3C52250DF5A5801186C5 /* Pods_StorageProject.framework in Frameworks */ = {isa = PBXBuildFile; fileRef = FA48B6AB40C290517F370017 /* Pods_StorageProject.framework */; };
/* End PBXBuildFile section */

/* Begin PBXFileReference section */
		06336380282050C9009B2E72 /* StorageProject.app */ = {isa = PBXFileReference; explicitFileType = wrapper.application; includeInIndex = 0; path = StorageProject.app; sourceTree = BUILT_PRODUCTS_DIR; };
		06336383282050C9009B2E72 /* AppDelegate.swift */ = {isa = PBXFileReference; lastKnownFileType = sourcecode.swift; path = AppDelegate.swift; sourceTree = "<group>"; };
		06336385282050C9009B2E72 /* SceneDelegate.swift */ = {isa = PBXFileReference; lastKnownFileType = sourcecode.swift; path = SceneDelegate.swift; sourceTree = "<group>"; };
		06336387282050C9009B2E72 /* ViewController.swift */ = {isa = PBXFileReference; lastKnownFileType = sourcecode.swift; path = ViewController.swift; sourceTree = "<group>"; };
		0633638A282050C9009B2E72 /* Base */ = {isa = PBXFileReference; lastKnownFileType = file.storyboard; name = Base; path = Base.lproj/Main.storyboard; sourceTree = "<group>"; };
		0633638C282050CB009B2E72 /* Assets.xcassets */ = {isa = PBXFileReference; lastKnownFileType = folder.assetcatalog; path = Assets.xcassets; sourceTree = "<group>"; };
		0633638F282050CB009B2E72 /* Base */ = {isa = PBXFileReference; lastKnownFileType = file.storyboard; name = Base; path = Base.lproj/LaunchScreen.storyboard; sourceTree = "<group>"; };
		06336391282050CB009B2E72 /* Info.plist */ = {isa = PBXFileReference; lastKnownFileType = text.plist.xml; path = Info.plist; sourceTree = "<group>"; };
		063363972820555C009B2E72 /* GoogleService-Info.plist */ = {isa = PBXFileReference; fileEncoding = 4; lastKnownFileType = text.plist.xml; path = "GoogleService-Info.plist"; sourceTree = "<group>"; };
		06F13A772822F37900086A99 /* ArrayOf.swift */ = {isa = PBXFileReference; lastKnownFileType = sourcecode.swift; path = ArrayOf.swift; sourceTree = "<group>"; };
		4D74C4A44BC9D4D8D9DBD8FA /* Pods-StorageProject.release.xcconfig */ = {isa = PBXFileReference; includeInIndex = 1; lastKnownFileType = text.xcconfig; name = "Pods-StorageProject.release.xcconfig"; path = "Target Support Files/Pods-StorageProject/Pods-StorageProject.release.xcconfig"; sourceTree = "<group>"; };
		639EDAA081442B7245B4291D /* Pods-StorageProject.debug.xcconfig */ = {isa = PBXFileReference; includeInIndex = 1; lastKnownFileType = text.xcconfig; name = "Pods-StorageProject.debug.xcconfig"; path = "Target Support Files/Pods-StorageProject/Pods-StorageProject.debug.xcconfig"; sourceTree = "<group>"; };
		FA48B6AB40C290517F370017 /* Pods_StorageProject.framework */ = {isa = PBXFileReference; explicitFileType = wrapper.framework; includeInIndex = 0; path = Pods_StorageProject.framework; sourceTree = BUILT_PRODUCTS_DIR; };
/* End PBXFileReference section */

/* Begin PBXFrameworksBuildPhase section */
		0633637D282050C9009B2E72 /* Frameworks */ = {
			isa = PBXFrameworksBuildPhase;
			buildActionMask = 2147483647;
			files = (
				CE5D3C52250DF5A5801186C5 /* Pods_StorageProject.framework in Frameworks */,
			);
			runOnlyForDeploymentPostprocessing = 0;
		};
/* End PBXFrameworksBuildPhase section */

/* Begin PBXGroup section */
		06336377282050C9009B2E72 = {
			isa = PBXGroup;
			children = (
				06336382282050C9009B2E72 /* StorageProject */,
				06336381282050C9009B2E72 /* Products */,
				A8FF9C0334CC0F11C07F7407 /* Pods */,
				532268E393EE09E27FA648AB /* Frameworks */,
			);
			sourceTree = "<group>";
		};
		06336381282050C9009B2E72 /* Products */ = {
			isa = PBXGroup;
			children = (
				06336380282050C9009B2E72 /* StorageProject.app */,
			);
			name = Products;
			sourceTree = "<group>";
		};
		06336382282050C9009B2E72 /* StorageProject */ = {
			isa = PBXGroup;
			children = (
				06336383282050C9009B2E72 /* AppDelegate.swift */,
				06336385282050C9009B2E72 /* SceneDelegate.swift */,
				06336387282050C9009B2E72 /* ViewController.swift */,
				06F13A772822F37900086A99 /* ArrayOf.swift */,
				06336389282050C9009B2E72 /* Main.storyboard */,
				0633638C282050CB009B2E72 /* Assets.xcassets */,
				0633638E282050CB009B2E72 /* LaunchScreen.storyboard */,
				06336391282050CB009B2E72 /* Info.plist */,
				063363972820555C009B2E72 /* GoogleService-Info.plist */,
			);
			path = StorageProject;
			sourceTree = "<group>";
		};
		532268E393EE09E27FA648AB /* Frameworks */ = {
			isa = PBXGroup;
			children = (
				FA48B6AB40C290517F370017 /* Pods_StorageProject.framework */,
			);
			name = Frameworks;
			sourceTree = "<group>";
		};
		A8FF9C0334CC0F11C07F7407 /* Pods */ = {
			isa = PBXGroup;
			children = (
				639EDAA081442B7245B4291D /* Pods-StorageProject.debug.xcconfig */,
				4D74C4A44BC9D4D8D9DBD8FA /* Pods-StorageProject.release.xcconfig */,
			);
			path = Pods;
			sourceTree = "<group>";
		};
/* End PBXGroup section */

/* Begin PBXNativeTarget section */
		0633637F282050C9009B2E72 /* StorageProject */ = {
			isa = PBXNativeTarget;
			buildConfigurationList = 06336394282050CB009B2E72 /* Build configuration list for PBXNativeTarget "StorageProject" */;
			buildPhases = (
				725FC2B5B05321BC01DC9C20 /* [CP] Check Pods Manifest.lock */,
				0633637C282050C9009B2E72 /* Sources */,
				0633637D282050C9009B2E72 /* Frameworks */,
				0633637E282050C9009B2E72 /* Resources */,
				8276B83C5C37D42E4B9BBEC4 /* [CP] Embed Pods Frameworks */,
			);
			buildRules = (
			);
			dependencies = (
			);
			name = StorageProject;
			productName = StorageProject;
			productReference = 06336380282050C9009B2E72 /* StorageProject.app */;
			productType = "com.apple.product-type.application";
		};
/* End PBXNativeTarget section */

/* Begin PBXProject section */
		06336378282050C9009B2E72 /* Project object */ = {
			isa = PBXProject;
			attributes = {
				BuildIndependentTargetsInParallel = 1;
				LastSwiftUpdateCheck = 1330;
				LastUpgradeCheck = 1330;
				TargetAttributes = {
					0633637F282050C9009B2E72 = {
						CreatedOnToolsVersion = 13.3;
					};
				};
			};
			buildConfigurationList = 0633637B282050C9009B2E72 /* Build configuration list for PBXProject "StorageProject" */;
			compatibilityVersion = "Xcode 13.0";
			developmentRegion = en;
			hasScannedForEncodings = 0;
			knownRegions = (
				en,
				Base,
			);
			mainGroup = 06336377282050C9009B2E72;
			packageReferences = (
			);
			productRefGroup = 06336381282050C9009B2E72 /* Products */;
			projectDirPath = "";
			projectRoot = "";
			targets = (
				0633637F282050C9009B2E72 /* StorageProject */,
			);
		};
/* End PBXProject section */

/* Begin PBXResourcesBuildPhase section */
		0633637E282050C9009B2E72 /* Resources */ = {
			isa = PBXResourcesBuildPhase;
			buildActionMask = 2147483647;
			files = (
				06336390282050CB009B2E72 /* LaunchScreen.storyboard in Resources */,
				063363982820555C009B2E72 /* GoogleService-Info.plist in Resources */,
				0633638D282050CB009B2E72 /* Assets.xcassets in Resources */,
				0633638B282050C9009B2E72 /* Main.storyboard in Resources */,
			);
			runOnlyForDeploymentPostprocessing = 0;
		};
/* End PBXResourcesBuildPhase section */

/* Begin PBXShellScriptBuildPhase section */
		725FC2B5B05321BC01DC9C20 /* [CP] Check Pods Manifest.lock */ = {
			isa = PBXShellScriptBuildPhase;
			buildActionMask = 2147483647;
			files = (
			);
			inputFileListPaths = (
			);
			inputPaths = (
				"${PODS_PODFILE_DIR_PATH}/Podfile.lock",
				"${PODS_ROOT}/Manifest.lock",
			);
			name = "[CP] Check Pods Manifest.lock";
			outputFileListPaths = (
			);
			outputPaths = (
				"$(DERIVED_FILE_DIR)/Pods-StorageProject-checkManifestLockResult.txt",
			);
			runOnlyForDeploymentPostprocessing = 0;
			shellPath = /bin/sh;
			shellScript = "diff \"${PODS_PODFILE_DIR_PATH}/Podfile.lock\" \"${PODS_ROOT}/Manifest.lock\" > /dev/null\nif [ $? != 0 ] ; then\n    # print error to STDERR\n    echo \"error: The sandbox is not in sync with the Podfile.lock. Run 'pod install' or update your CocoaPods installation.\" >&2\n    exit 1\nfi\n# This output is used by Xcode 'outputs' to avoid re-running this script phase.\necho \"SUCCESS\" > \"${SCRIPT_OUTPUT_FILE_0}\"\n";
			showEnvVarsInLog = 0;
		};
		8276B83C5C37D42E4B9BBEC4 /* [CP] Embed Pods Frameworks */ = {
			isa = PBXShellScriptBuildPhase;
			buildActionMask = 2147483647;
			files = (
			);
			inputFileListPaths = (
				"${PODS_ROOT}/Target Support Files/Pods-StorageProject/Pods-StorageProject-frameworks-${CONFIGURATION}-input-files.xcfilelist",
			);
			name = "[CP] Embed Pods Frameworks";
			outputFileListPaths = (
				"${PODS_ROOT}/Target Support Files/Pods-StorageProject/Pods-StorageProject-frameworks-${CONFIGURATION}-output-files.xcfilelist",
			);
			runOnlyForDeploymentPostprocessing = 0;
			shellPath = /bin/sh;
			shellScript = "\"${PODS_ROOT}/Target Support Files/Pods-StorageProject/Pods-StorageProject-frameworks.sh\"\n";
			showEnvVarsInLog = 0;
		};
/* End PBXShellScriptBuildPhase section */

/* Begin PBXSourcesBuildPhase section */
		0633637C282050C9009B2E72 /* Sources */ = {
			isa = PBXSourcesBuildPhase;
			buildActionMask = 2147483647;
			files = (
				06F13A782822F37900086A99 /* ArrayOf.swift in Sources */,
				06336388282050C9009B2E72 /* ViewController.swift in Sources */,
				06336384282050C9009B2E72 /* AppDelegate.swift in Sources */,
				06336386282050C9009B2E72 /* SceneDelegate.swift in Sources */,
			);
			runOnlyForDeploymentPostprocessing = 0;
		};
/* End PBXSourcesBuildPhase section */

/* Begin PBXVariantGroup section */
		06336389282050C9009B2E72 /* Main.storyboard */ = {
			isa = PBXVariantGroup;
			children = (
				0633638A282050C9009B2E72 /* Base */,
			);
			name = Main.storyboard;
			sourceTree = "<group>";
		};
		0633638E282050CB009B2E72 /* LaunchScreen.storyboard */ = {
			isa = PBXVariantGroup;
			children = (
				0633638F282050CB009B2E72 /* Base */,
			);
			name = LaunchScreen.storyboard;
			sourceTree = "<group>";
		};
/* End PBXVariantGroup section */

/* Begin XCBuildConfiguration section */
		06336392282050CB009B2E72 /* Debug */ = {
			isa = XCBuildConfiguration;
			buildSettings = {
				ALWAYS_SEARCH_USER_PATHS = NO;
				CLANG_ANALYZER_NONNULL = YES;
				CLANG_ANALYZER_NUMBER_OBJECT_CONVERSION = YES_AGGRESSIVE;
				CLANG_CXX_LANGUAGE_STANDARD = "gnu++17";
				CLANG_ENABLE_MODULES = YES;
				CLANG_ENABLE_OBJC_ARC = YES;
				CLANG_ENABLE_OBJC_WEAK = YES;
				CLANG_WARN_BLOCK_CAPTURE_AUTORELEASING = YES;
				CLANG_WARN_BOOL_CONVERSION = YES;
				CLANG_WARN_COMMA = YES;
				CLANG_WARN_CONSTANT_CONVERSION = YES;
				CLANG_WARN_DEPRECATED_OBJC_IMPLEMENTATIONS = YES;
				CLANG_WARN_DIRECT_OBJC_ISA_USAGE = YES_ERROR;
				CLANG_WARN_DOCUMENTATION_COMMENTS = YES;
				CLANG_WARN_EMPTY_BODY = YES;
				CLANG_WARN_ENUM_CONVERSION = YES;
				CLANG_WARN_INFINITE_RECURSION = YES;
				CLANG_WARN_INT_CONVERSION = YES;
				CLANG_WARN_NON_LITERAL_NULL_CONVERSION = YES;
				CLANG_WARN_OBJC_IMPLICIT_RETAIN_SELF = YES;
				CLANG_WARN_OBJC_LITERAL_CONVERSION = YES;
				CLANG_WARN_OBJC_ROOT_CLASS = YES_ERROR;
				CLANG_WARN_QUOTED_INCLUDE_IN_FRAMEWORK_HEADER = YES;
				CLANG_WARN_RANGE_LOOP_ANALYSIS = YES;
				CLANG_WARN_STRICT_PROTOTYPES = YES;
				CLANG_WARN_SUSPICIOUS_MOVE = YES;
				CLANG_WARN_UNGUARDED_AVAILABILITY = YES_AGGRESSIVE;
				CLANG_WARN_UNREACHABLE_CODE = YES;
				CLANG_WARN__DUPLICATE_METHOD_MATCH = YES;
				COPY_PHASE_STRIP = NO;
				DEBUG_INFORMATION_FORMAT = dwarf;
				ENABLE_STRICT_OBJC_MSGSEND = YES;
				ENABLE_TESTABILITY = YES;
				GCC_C_LANGUAGE_STANDARD = gnu11;
				GCC_DYNAMIC_NO_PIC = NO;
				GCC_NO_COMMON_BLOCKS = YES;
				GCC_OPTIMIZATION_LEVEL = 0;
				GCC_PREPROCESSOR_DEFINITIONS = (
					"DEBUG=1",
					"$(inherited)",
				);
				GCC_WARN_64_TO_32_BIT_CONVERSION = YES;
				GCC_WARN_ABOUT_RETURN_TYPE = YES_ERROR;
				GCC_WARN_UNDECLARED_SELECTOR = YES;
				GCC_WARN_UNINITIALIZED_AUTOS = YES_AGGRESSIVE;
				GCC_WARN_UNUSED_FUNCTION = YES;
				GCC_WARN_UNUSED_VARIABLE = YES;
				IPHONEOS_DEPLOYMENT_TARGET = 15.4;
				MTL_ENABLE_DEBUG_INFO = INCLUDE_SOURCE;
				MTL_FAST_MATH = YES;
				ONLY_ACTIVE_ARCH = YES;
				SDKROOT = iphoneos;
				SWIFT_ACTIVE_COMPILATION_CONDITIONS = DEBUG;
				SWIFT_OPTIMIZATION_LEVEL = "-Onone";
			};
			name = Debug;
		};
		06336393282050CB009B2E72 /* Release */ = {
			isa = XCBuildConfiguration;
			buildSettings = {
				ALWAYS_SEARCH_USER_PATHS = NO;
				CLANG_ANALYZER_NONNULL = YES;
				CLANG_ANALYZER_NUMBER_OBJECT_CONVERSION = YES_AGGRESSIVE;
				CLANG_CXX_LANGUAGE_STANDARD = "gnu++17";
				CLANG_ENABLE_MODULES = YES;
				CLANG_ENABLE_OBJC_ARC = YES;
				CLANG_ENABLE_OBJC_WEAK = YES;
				CLANG_WARN_BLOCK_CAPTURE_AUTORELEASING = YES;
				CLANG_WARN_BOOL_CONVERSION = YES;
				CLANG_WARN_COMMA = YES;
				CLANG_WARN_CONSTANT_CONVERSION = YES;
				CLANG_WARN_DEPRECATED_OBJC_IMPLEMENTATIONS = YES;
				CLANG_WARN_DIRECT_OBJC_ISA_USAGE = YES_ERROR;
				CLANG_WARN_DOCUMENTATION_COMMENTS = YES;
				CLANG_WARN_EMPTY_BODY = YES;
				CLANG_WARN_ENUM_CONVERSION = YES;
				CLANG_WARN_INFINITE_RECURSION = YES;
				CLANG_WARN_INT_CONVERSION = YES;
				CLANG_WARN_NON_LITERAL_NULL_CONVERSION = YES;
				CLANG_WARN_OBJC_IMPLICIT_RETAIN_SELF = YES;
				CLANG_WARN_OBJC_LITERAL_CONVERSION = YES;
				CLANG_WARN_OBJC_ROOT_CLASS = YES_ERROR;
				CLANG_WARN_QUOTED_INCLUDE_IN_FRAMEWORK_HEADER = YES;
				CLANG_WARN_RANGE_LOOP_ANALYSIS = YES;
				CLANG_WARN_STRICT_PROTOTYPES = YES;
				CLANG_WARN_SUSPICIOUS_MOVE = YES;
				CLANG_WARN_UNGUARDED_AVAILABILITY = YES_AGGRESSIVE;
				CLANG_WARN_UNREACHABLE_CODE = YES;
				CLANG_WARN__DUPLICATE_METHOD_MATCH = YES;
				COPY_PHASE_STRIP = NO;
				DEBUG_INFORMATION_FORMAT = "dwarf-with-dsym";
				ENABLE_NS_ASSERTIONS = NO;
				ENABLE_STRICT_OBJC_MSGSEND = YES;
				GCC_C_LANGUAGE_STANDARD = gnu11;
				GCC_NO_COMMON_BLOCKS = YES;
				GCC_WARN_64_TO_32_BIT_CONVERSION = YES;
				GCC_WARN_ABOUT_RETURN_TYPE = YES_ERROR;
				GCC_WARN_UNDECLARED_SELECTOR = YES;
				GCC_WARN_UNINITIALIZED_AUTOS = YES_AGGRESSIVE;
				GCC_WARN_UNUSED_FUNCTION = YES;
				GCC_WARN_UNUSED_VARIABLE = YES;
				IPHONEOS_DEPLOYMENT_TARGET = 15.4;
				MTL_ENABLE_DEBUG_INFO = NO;
				MTL_FAST_MATH = YES;
				SDKROOT = iphoneos;
				SWIFT_COMPILATION_MODE = wholemodule;
				SWIFT_OPTIMIZATION_LEVEL = "-O";
				VALIDATE_PRODUCT = YES;
			};
			name = Release;
		};
		06336395282050CB009B2E72 /* Debug */ = {
			isa = XCBuildConfiguration;
			baseConfigurationReference = 639EDAA081442B7245B4291D /* Pods-StorageProject.debug.xcconfig */;
			buildSettings = {
				ASSETCATALOG_COMPILER_APPICON_NAME = AppIcon;
				ASSETCATALOG_COMPILER_GLOBAL_ACCENT_COLOR_NAME = AccentColor;
				CODE_SIGN_STYLE = Automatic;
				CURRENT_PROJECT_VERSION = 1;
				DEVELOPMENT_TEAM = J4657QU65R;
				GENERATE_INFOPLIST_FILE = YES;
				INFOPLIST_FILE = StorageProject/Info.plist;
				INFOPLIST_KEY_UIApplicationSupportsIndirectInputEvents = YES;
				INFOPLIST_KEY_UILaunchStoryboardName = LaunchScreen;
				INFOPLIST_KEY_UIMainStoryboardFile = Main;
				INFOPLIST_KEY_UISupportedInterfaceOrientations_iPad = "UIInterfaceOrientationPortrait UIInterfaceOrientationPortraitUpsideDown UIInterfaceOrientationLandscapeLeft UIInterfaceOrientationLandscapeRight";
				INFOPLIST_KEY_UISupportedInterfaceOrientations_iPhone = "UIInterfaceOrientationPortrait UIInterfaceOrientationLandscapeLeft UIInterfaceOrientationLandscapeRight";
				LD_RUNPATH_SEARCH_PATHS = (
					"$(inherited)",
					"@executable_path/Frameworks",
				);
				MARKETING_VERSION = 1.0;
				PRODUCT_BUNDLE_IDENTIFIER = omellen.StorageProject;
				PRODUCT_NAME = "$(TARGET_NAME)";
				SWIFT_EMIT_LOC_STRINGS = YES;
				SWIFT_VERSION = 5.0;
				TARGETED_DEVICE_FAMILY = "1,2";
			};
			name = Debug;
		};
		06336396282050CB009B2E72 /* Release */ = {
			isa = XCBuildConfiguration;
			baseConfigurationReference = 4D74C4A44BC9D4D8D9DBD8FA /* Pods-StorageProject.release.xcconfig */;
			buildSettings = {
				ASSETCATALOG_COMPILER_APPICON_NAME = AppIcon;
				ASSETCATALOG_COMPILER_GLOBAL_ACCENT_COLOR_NAME = AccentColor;
				CODE_SIGN_STYLE = Automatic;
				CURRENT_PROJECT_VERSION = 1;
				DEVELOPMENT_TEAM = J4657QU65R;
				GENERATE_INFOPLIST_FILE = YES;
				INFOPLIST_FILE = StorageProject/Info.plist;
				INFOPLIST_KEY_UIApplicationSupportsIndirectInputEvents = YES;
				INFOPLIST_KEY_UILaunchStoryboardName = LaunchScreen;
				INFOPLIST_KEY_UIMainStoryboardFile = Main;
				INFOPLIST_KEY_UISupportedInterfaceOrientations_iPad = "UIInterfaceOrientationPortrait UIInterfaceOrientationPortraitUpsideDown UIInterfaceOrientationLandscapeLeft UIInterfaceOrientationLandscapeRight";
				INFOPLIST_KEY_UISupportedInterfaceOrientations_iPhone = "UIInterfaceOrientationPortrait UIInterfaceOrientationLandscapeLeft UIInterfaceOrientationLandscapeRight";
				LD_RUNPATH_SEARCH_PATHS = (
					"$(inherited)",
					"@executable_path/Frameworks",
				);
				MARKETING_VERSION = 1.0;
				PRODUCT_BUNDLE_IDENTIFIER = omellen.StorageProject;
				PRODUCT_NAME = "$(TARGET_NAME)";
				SWIFT_EMIT_LOC_STRINGS = YES;
				SWIFT_VERSION = 5.0;
				TARGETED_DEVICE_FAMILY = "1,2";
			};
			name = Release;
		};
/* End XCBuildConfiguration section */

/* Begin XCConfigurationList section */
		0633637B282050C9009B2E72 /* Build configuration list for PBXProject "StorageProject" */ = {
			isa = XCConfigurationList;
			buildConfigurations = (
				06336392282050CB009B2E72 /* Debug */,
				06336393282050CB009B2E72 /* Release */,
			);
			defaultConfigurationIsVisible = 0;
			defaultConfigurationName = Release;
		};
		06336394282050CB009B2E72 /* Build configuration list for PBXNativeTarget "StorageProject" */ = {
			isa = XCConfigurationList;
			buildConfigurations = (
				06336395282050CB009B2E72 /* Debug */,
				06336396282050CB009B2E72 /* Release */,
			);
			defaultConfigurationIsVisible = 0;
			defaultConfigurationName = Release;
		};
/* End XCConfigurationList section */
	};
	rootObject = 06336378282050C9009B2E72 /* Project object */;
}
